
Microsoft Visual Studio Solution File, Format Version 12.00
# Visual Studio Version 17
VisualStudioVersion = 17.5.002.0
MinimumVisualStudioVersion = 10.0.40219.1
Project("{9A19103F-16F7-4668-BE54-9A1E7A4F7556}") = "garrysbox", "garrysbox.csproj", "{1E161C26-6437-44E6-ACC7-D847AD7FDD31}"
EndProject
Project("{9A19103F-16F7-4668-BE54-9A1E7A4F7556}") = "sandbox", "sandbox.csproj", "{A723F43A-976F-4D90-BD21-BE8124F7A3B8}"
EndProject
Global
	GlobalSection(SolutionConfigurationPlatforms) = preSolution
		Debug|Any CPU = Debug|Any CPU
		Release|Any CPU = Release|Any CPU
	EndGlobalSection
	GlobalSection(ProjectConfigurationPlatforms) = postSolution
		{1E161C26-6437-44E6-ACC7-D847AD7FDD31}.Debug|Any CPU.ActiveCfg = Debug|Any CPU
		{1E161C26-6437-44E6-ACC7-D847AD7FDD31}.Debug|Any CPU.Build.0 = Debug|Any CPU
		{1E161C26-6437-44E6-ACC7-D847AD7FDD31}.Release|Any CPU.ActiveCfg = Release|Any CPU
		{1E161C26-6437-44E6-ACC7-D847AD7FDD31}.Release|Any CPU.Build.0 = Release|Any CPU
		{A723F43A-976F-4D90-BD21-BE8124F7A3B8}.Debug|Any CPU.ActiveCfg = Debug|Any CPU
		{A723F43A-976F-4D90-BD21-BE8124F7A3B8}.Debug|Any CPU.Build.0 = Debug|Any CPU
		{A723F43A-976F-4D90-BD21-BE8124F7A3B8}.Release|Any CPU.ActiveCfg = Release|Any CPU
		{A723F43A-976F-4D90-BD21-BE8124F7A3B8}.Release|Any CPU.Build.0 = Release|Any CPU
	EndGlobalSection
	GlobalSection(SolutionProperties) = preSolution
		HideSolutionNode = FALSE
	EndGlobalSection
	GlobalSection(ExtensibilityGlobals) = postSolution
		SolutionGuid = {2CA84765-BBA7-457B-BF5D-04F63726B28B}
	EndGlobalSection
EndGlobal
